
Microsoft Visual Studio Solution File, Format Version 12.00
Project("{FAE04EC0-301F-11D3-BF4B-00C04F79EFBC}") = "DorsetCollegeOnlineStore", "DorsetCollegeOnlineStore.csproj", "{866B3BE3-B118-45C7-876F-042371BFECDE}"
EndProject
Global
	GlobalSection(SolutionConfigurationPlatforms) = preSolution
		Debug|Any CPU = Debug|Any CPU
		Release|Any CPU = Release|Any CPU
	EndGlobalSection
	GlobalSection(ProjectConfigurationPlatforms) = postSolution
		{866B3BE3-B118-45C7-876F-042371BFECDE}.Debug|Any CPU.ActiveCfg = Debug|Any CPU
		{866B3BE3-B118-45C7-876F-042371BFECDE}.Debug|Any CPU.Build.0 = Debug|Any CPU
		{866B3BE3-B118-45C7-876F-042371BFECDE}.Release|Any CPU.ActiveCfg = Release|Any CPU
		{866B3BE3-B118-45C7-876F-042371BFECDE}.Release|Any CPU.Build.0 = Release|Any CPU
	EndGlobalSection
EndGlobal
